
Microsoft Visual Studio Solution File, Format Version 12.00
# Visual Studio Version 16
VisualStudioVersion = 16.0.30804.86
MinimumVisualStudioVersion = 10.0.40219.1
Project("{FAE04EC0-301F-11D3-BF4B-00C04F79EFBC}") = "MyMediator", "MyMediator\MyMediator.csproj", "{4D3D0D36-FD8B-4191-A0B8-C89F08146F05}"
EndProject
Project("{FAE04EC0-301F-11D3-BF4B-00C04F79EFBC}") = "MyMediator.Worker", "MyMediator.Worker\MyMediator.Worker.csproj", "{DC3A09EB-9FFB-42EC-B707-FA5F919B6E8D}"
EndProject
Global
	GlobalSection(SolutionConfigurationPlatforms) = preSolution
		Debug|Any CPU = Debug|Any CPU
		Release|Any CPU = Release|Any CPU
	EndGlobalSection
	GlobalSection(ProjectConfigurationPlatforms) = postSolution
		{4D3D0D36-FD8B-4191-A0B8-C89F08146F05}.Debug|Any CPU.ActiveCfg = Debug|Any CPU
		{4D3D0D36-FD8B-4191-A0B8-C89F08146F05}.Debug|Any CPU.Build.0 = Debug|Any CPU
		{4D3D0D36-FD8B-4191-A0B8-C89F08146F05}.Release|Any CPU.ActiveCfg = Release|Any CPU
		{4D3D0D36-FD8B-4191-A0B8-C89F08146F05}.Release|Any CPU.Build.0 = Release|Any CPU
		{DC3A09EB-9FFB-42EC-B707-FA5F919B6E8D}.Debug|Any CPU.ActiveCfg = Debug|Any CPU
		{DC3A09EB-9FFB-42EC-B707-FA5F919B6E8D}.Debug|Any CPU.Build.0 = Debug|Any CPU
		{DC3A09EB-9FFB-42EC-B707-FA5F919B6E8D}.Release|Any CPU.ActiveCfg = Release|Any CPU
		{DC3A09EB-9FFB-42EC-B707-FA5F919B6E8D}.Release|Any CPU.Build.0 = Release|Any CPU
	EndGlobalSection
	GlobalSection(SolutionProperties) = preSolution
		HideSolutionNode = FALSE
	EndGlobalSection
	GlobalSection(ExtensibilityGlobals) = postSolution
		SolutionGuid = {5E8CA0EA-5CA1-4DDF-806C-7306C3F8C002}
	EndGlobalSection
EndGlobal
